github.com/BurntSushi/toml v1.6.0 h1:dRaEfpa2VI55EwlIW72hMRHdWouJeRF7TPYhI+AUQjk=
github.com/BurntSushi/toml v1.6.0/go.mod h1:ukJfTF/6rtPPRCnwkur4qwRxa8vTRFBF0uk2lLoLwho=
github.com/alpha-omega-security/harness v0.1.4 h1:b7xmJ3ox6rhrIkuDJjPQMPEsoKcHbbSkxX6WRQfteS0=
github.com/alpha-omega-security/harness v0.1.4/go.mod h1:/nym/38ro7lLq4jVmQhYqblV+0uMo3YpeueqaXNMpOs=
github.com/bazelbuild/buildtools v0.0.0-20260716142318-04cf7de1434f h1:2mT6QcXmMFtvg7bezs1Fef7nnpJyeCmfWoWNjwtvNZ4=
github.com/bazelbuild/buildtools v0.0.0-20260716142318-04cf7de1434f/go.mod h1:PLNUetjLa77TCCziPsz0EI8a6CUxgC+1jgmWv0H25tg=
github.com/bmatcuk/doublestar/v4 v4.10.0 h1:zU9WiOla1YA122oLM6i4EXvGW62DvKZVxIe6TYWexEs=
github.com/bmatcuk/doublestar/v4 v4.10.0/go.mod h1:xBQ8jztBU6kakFMg+8WGxn0c6z1fTSPVIjEY1Wr7jzc=
github.com/davecgh/go-spew v1.1.1 h1:vj9j/u1bqnvCEfJOwUhtlOARqs3+rkHYY13jYWTU97c=
github.com/davecgh/go-spew v1.1.1/go.mod h1:J7Y8YcW2NihsgmVo/mv3lAwl/skON4iLHjSsI+c5H38=
github.com/git-pkgs/brief v0.9.4 h1:i6jqzavPAt5QNuA7JzTkenuNB25/CTPp77fRZvqZqVQ=
github.com/git-pkgs/brief v0.9.4/go.mod h1:j7qjRMVHVAniVpZff4/Dbg79kIUDJRCuXZJ9H2xrgF4=
github.com/git-pkgs/changelog v0.1.3 h1:iaFrl76F9lE3B9bQBZCpm0O+eB6tQ0ajMnrc5l7/EhU=
github.com/git-pkgs/changelog v0.1.3/go.mod h1:psv6VJyJKYzDYajKdV9oPw7LUEOIqSiB0L3wcKdX6Ac=
github.com/git-pkgs/clone v0.2.1 h1:9Hl3UgMpGwYGlsUYR2KbMexISMTCDV5/1L7r1FFA/lw=
github.com/git-pkgs/clone v0.2.1/go.mod h1:lgbobKgJ6XbPZPsbn4iK0fVskYpFr4stjKKCeG9RsRc=
github.com/git-pkgs/gitignore v1.2.0 h1:7vdR8/SvF31dvXqIdC1bKgCvyySefXuN8aY3xJLuFaM=
github.com/git-pkgs/gitignore v1.2.0/go.mod h1:Lr0XwhbvP071rZF/zIIhkY1gEhFDoWHH91lngwLpeUg=
github.com/git-pkgs/licensecheck v0.4.1 h1:b5ilmpIpgeeewBFjdhJ4W7jvwPIFsYQ7ujZma7sli6k=
github.com/git-pkgs/licensecheck v0.4.1/go.mod h1:cfFO7yHHPeuXsoODHBWyevajH2yWcbfkIFELyG3ZpU0=
github.com/git-pkgs/magic v0.1.0 h1:xLrqq7CMXB9g5bJnmJyKw17Rvlh0GFiEmO6e5RFsoeY=
github.com/git-pkgs/magic v0.1.0/go.mod h1:3ndidt+yvFaI1M0aEkkzkOlFnLPkeVQASIUojazcxCI=
github.com/git-pkgs/managers v0.10.1 h1:T877XtuXoJNweDTMGj1H6AOeVolDO44IvsgDN5jq3Ko=
github.com/git-pkgs/managers v0.10.1/go.mod h1:8DR7tIQEEyPyJ7QGzStVbovnGl7tAJcrhQLzjQPzFzc=
github.com/git-pkgs/manifests v0.7.2-0.20260810153511-44903226fd2c h1:+07HseFPFiv+tKnw4olZUv4zneQ0ZouWJkx2NHNw0Ek=
github.com/git-pkgs/manifests v0.7.2-0.20260810153511-44903226fd2c/go.mod h1:HI9XFYIKmQwcT3ECgBgFRMUAmpOx7tEMRgThAv5IFbA=
github.com/git-pkgs/outline v0.1.9-0.20260810165341-067044f36246 h1:FIy/fHlMwSjL0bj7qkS0BI9dWaglPTsJWiaJeqKXPL0=
github.com/git-pkgs/outline v0.1.9-0.20260810165341-067044f36246/go.mod h1:JY7mZSgXmC/GbSpvCZuN6i6rPiC2//EoDnyhqE6wUTo=
github.com/git-pkgs/pom v0.1.5 h1:TGT8Az2OMxGWsXnSagtUMGzZm7Oax8HrSCteA+mi0qY=
github.com/git-pkgs/pom v0.1.5/go.mod h1:ufdMBe1lKzqOeP9IUb9NPZ458xKV8E8NvuyBMxOfwIk=
github.com/git-pkgs/purl v0.1.15 h1:iQ3clh0Cw41rkM0rf24B7ShnN9Z+UtLMAFlNDUs+Qd4=
github.com/git-pkgs/purl v0.1.15/go.mod h1:PqCLVBDeZrZgHysR803/AntMELgIr2LFZVNCcwLH2m0=
github.com/git-pkgs/registries v0.6.4 h1:Kq/KlStjaQyE83UXT/tKuzCrIzc4keGeBjtroMqgoHA=
github.com/git-pkgs/registries v0.6.4/go.mod h1:YkGHbxHIe2Ha/ROH6zNkS5PJUUoa9g0Ti/s2XhZnrak=
github.com/git-pkgs/spdx v0.1.4 h1:eQ0waEV3uUeItpWAOvdN1K1rL9hTgsU7fF74r1mDXMs=
github.com/git-pkgs/spdx v0.1.4/go.mod h1:cqRoZcvl530s/W+oGNvwjt4ODN8T1W6D/20MUZEFdto=
github.com/git-pkgs/vers v0.3.0 h1:xM4LLUCRmqzdDfe+/pVQUx4SRyFXRVth6tOsJ14wMKU=
github.com/git-pkgs/vers v0.3.0/go.mod h1:biTbSQK1qdbrsxDEKnqe3Jzclxz8vW6uDcwKjfUGcOo=
github.com/git-pkgs/vulns v0.2.1 h1:tWGhOfPVDZwkM2Y9vRkMpMR+gjtlu2jhERS5JeNBoKQ=
github.com/git-pkgs/vulns v0.2.1/go.mod h1:/0gHKHQR5SWttZVEMqgOvCXssKFwAtbac/PfkhBax9o=
github.com/github/go-spdx/v2 v2.7.0 h1:GzfXx4wFdlilARxmFRXW/mgUy3A4vSqZocCMFV6XFdQ=
github.com/github/go-spdx/v2 v2.7.0/go.mod h1:Ftc45YYG1WzpzwEPKRVm9Jv8vDqOrN4gWoCkK+bHer0=
github.com/kr/pretty v0.3.1 h1:flRD4NNwYAUpkphVc1HcthR4KEIFJ65n8Mw5qdRn3LE=
github.com/kr/pretty v0.3.1/go.mod h1:hoEshYVHaxMs3cyo3Yncou5ZscifuDolrwPKZanG3xk=
github.com/kr/text v0.2.0 h1:5Nx0Ya0ZqY2ygV366QzturHI13Jq95ApcVaJBhpS+AY=
github.com/kr/text v0.2.0/go.mod h1:eLer722TekiGuMkidMxC/pM04lWEeraHUUmBw8l2grE=
github.com/odvcencio/gotreesitter v0.47.0 h1:M4n0d9JPqHUGeZubI8Rzd21cxKqCwA33ULSqoFFznGc=
github.com/odvcencio/gotreesitter v0.47.0/go.mod h1:hBVkghd0paaYAVwd2087vfwdeU984bQbMo9LvpE0moo=
github.com/package-url/packageurl-go v0.1.6 h1:YO3p6u1XmCUliivUg/qWphaY8vI6hxSnnPv7Bfg3m5M=
github.com/package-url/packageurl-go v0.1.6/go.mod h1:nKAWB8E6uk1MHqiS/lQb9pYBGH2+mdJ2PJc2s50dQY0=
github.com/pandatix/go-cvss v0.6.2 h1:TFiHlzUkT67s6UkelHmK6s1INKVUG7nlKYiWWDTITGI=
github.com/pandatix/go-cvss v0.6.2/go.mod h1:jDXYlQBZrc8nvrMUVVvTG8PhmuShOnKrxP53nOFkt8Q=
github.com/pmezard/go-difflib v1.0.0 h1:4DBwDE0NGyQoBHbLQYPwSUPoCMWR5BEzIk/f1lZbAQM=
github.com/pmezard/go-difflib v1.0.0/go.mod h1:iKH77koFhYxTK1pcRnkKkqfTogsbg7gZNVY4sRDYZ/4=
github.com/rogpeppe/go-internal v1.16.0 h1:O9DK+vNMDVGLr2BeZqmpLeMjiMNkuXfcqntWbZV6S5g=
github.com/rogpeppe/go-internal v1.16.0/go.mod h1:DrUVZyrJU+txYW5/1kwtXQSMFio52ZOxX7yM1VHvnxs=
github.com/stretchr/testify v1.8.4 h1:CcVxjf3Q8PM0mHUKJCdn+eZZtm5yQwehR5yeSVQQcUk=
github.com/stretchr/testify v1.8.4/go.mod h1:sz/lmYIOXD/1dqDmKjjqLyZ2RngseejIcXlSw2iwfAo=
gopkg.in/check.v1 v0.0.0-20161208181325-20d25e280405/go.mod h1:Co6ibVJAznAaIkqp8huTwlJQCZ016jof/cbN4VW5Yz0=
gopkg.in/check.v1 v1.0.0-20201130134442-10cb98267c6c h1:Hei/4ADfdWqJk1ZMxUNpqntNwaWcugrBjAiHlqqRiVk=
gopkg.in/check.v1 v1.0.0-20201130134442-10cb98267c6c/go.mod h1:JHkPIbrfpd72SG/EVd6muEfDQjcINNoR0C8j2r3qZ4Q=
gopkg.in/yaml.v3 v3.0.1 h1:fxVm/GzAzEWqLHuvctI91KS9hhNmmWOoWu0XTYJS7CA=
gopkg.in/yaml.v3 v3.0.1/go.mod h1:K4uyk7z7BCEPqu6E+C64Yfv1cQ7kz7rIZviUmN+EgEM=
